// !$*UTF8*$!
{
	archiveVersion = 1;
	classes = {
	};
	objectVersion = 46;
	objects = {

/* Begin PBXBuildFile section */
		1CD8E8511C187D8200187497 /* CoreData.framework in Frameworks */ = {isa = PBXBuildFile; fileRef = 1CD8E8501C187D8200187497 /* CoreData.framework */; };
		2A00F8001C181B9B00B116EF /* ItemOKImage+CoreDataProperties.swift in Sources */ = {isa = PBXBuildFile; fileRef = 2A00F7EE1C181B9B00B116EF /* ItemOKImage+CoreDataProperties.swift */; };
		2A00F8011C181B9B00B116EF /* ItemOKImage.swift in Sources */ = {isa = PBXBuildFile; fileRef = 2A00F7EF1C181B9B00B116EF /* ItemOKImage.swift */; };
		2A00F8021C181B9B00B116EF /* ItemRecord+CoreDataProperties.swift in Sources */ = {isa = PBXBuildFile; fileRef = 2A00F7F01C181B9B00B116EF /* ItemRecord+CoreDataProperties.swift */; };
		2A00F8031C181B9B00B116EF /* ItemRecord.swift in Sources */ = {isa = PBXBuildFile; fileRef = 2A00F7F11C181B9B00B116EF /* ItemRecord.swift */; };
		2A00F8041C181B9B00B116EF /* Item+CoreDataProperties.swift in Sources */ = {isa = PBXBuildFile; fileRef = 2A00F7F21C181B9B00B116EF /* Item+CoreDataProperties.swift */; };
		2A00F8051C181B9B00B116EF /* Item.swift in Sources */ = {isa = PBXBuildFile; fileRef = 2A00F7F31C181B9B00B116EF /* Item.swift */; };
		2A00F8061C181B9B00B116EF /* Project+CoreDataProperties.swift in Sources */ = {isa = PBXBuildFile; fileRef = 2A00F7F41C181B9B00B116EF /* Project+CoreDataProperties.swift */; };
		2A00F8071C181B9B00B116EF /* Project.swift in Sources */ = {isa = PBXBuildFile; fileRef = 2A00F7F51C181B9B00B116EF /* Project.swift */; };
		2A00F8081C181B9B00B116EF /* ItemSpecImage+CoreDataProperties.swift in Sources */ = {isa = PBXBuildFile; fileRef = 2A00F7F61C181B9B00B116EF /* ItemSpecImage+CoreDataProperties.swift */; };
		2A00F8091C181B9B00B116EF /* ItemSpecImage.swift in Sources */ = {isa = PBXBuildFile; fileRef = 2A00F7F71C181B9B00B116EF /* ItemSpecImage.swift */; };
		2A00F80A1C181B9B00B116EF /* ItemViewImage+CoreDataProperties.swift in Sources */ = {isa = PBXBuildFile; fileRef = 2A00F7F81C181B9B00B116EF /* ItemViewImage+CoreDataProperties.swift */; };
		2A00F80B1C181B9B00B116EF /* ItemViewImage.swift in Sources */ = {isa = PBXBuildFile; fileRef = 2A00F7F91C181B9B00B116EF /* ItemViewImage.swift */; };
		2A00F80C1C181B9B00B116EF /* ItemNGImage+CoreDataProperties.swift in Sources */ = {isa = PBXBuildFile; fileRef = 2A00F7FA1C181B9B00B116EF /* ItemNGImage+CoreDataProperties.swift */; };
		2A00F80D1C181B9B00B116EF /* ItemNGImage.swift in Sources */ = {isa = PBXBuildFile; fileRef = 2A00F7FB1C181B9B00B116EF /* ItemNGImage.swift */; };
		2A00F80E1C181B9B00B116EF /* Category+CoreDataProperties.swift in Sources */ = {isa = PBXBuildFile; fileRef = 2A00F7FC1C181B9B00B116EF /* Category+CoreDataProperties.swift */; };
		2A00F80F1C181B9B00B116EF /* Category.swift in Sources */ = {isa = PBXBuildFile; fileRef = 2A00F7FD1C181B9B00B116EF /* Category.swift */; };
		2A00F8101C181B9B00B116EF /* SpotCheck+CoreDataProperties.swift in Sources */ = {isa = PBXBuildFile; fileRef = 2A00F7FE1C181B9B00B116EF /* SpotCheck+CoreDataProperties.swift */; };
		2A00F8111C181B9B00B116EF /* SpotCheck.swift in Sources */ = {isa = PBXBuildFile; fileRef = 2A00F7FF1C181B9B00B116EF /* SpotCheck.swift */; };
		2A10171F1C09B28100FE6F62 /* Project2.swift in Sources */ = {isa = PBXBuildFile; fileRef = 2A10171E1C09B28100FE6F62 /* Project2.swift */; };
		2A1243F71C37F8B0006DF515 /* ImageViwer.swift in Sources */ = {isa = PBXBuildFile; fileRef = 2A1243F61C37F8B0006DF515 /* ImageViwer.swift */; };
		2A20DADD1BFB0207007BAB94 /* AppDelegate.swift in Sources */ = {isa = PBXBuildFile; fileRef = 2A20DADC1BFB0207007BAB94 /* AppDelegate.swift */; };
		2A20DAE51BFB0207007BAB94 /* BIMSpectGithub.xcdatamodeld in Sources */ = {isa = PBXBuildFile; fileRef = 2A20DAE31BFB0207007BAB94 /* BIMSpectGithub.xcdatamodeld */; };
		2A20DAEA1BFB0207007BAB94 /* LaunchScreen.storyboard in Resources */ = {isa = PBXBuildFile; fileRef = 2A20DAE81BFB0207007BAB94 /* LaunchScreen.storyboard */; };
		2A40A8831BFEC4B10077E751 /* MasterViewController.swift in Sources */ = {isa = PBXBuildFile; fileRef = 2A40A8821BFEC4B10077E751 /* MasterViewController.swift */; };
		2A40A8891BFEF82D0077E751 /* SpectItem.swift in Sources */ = {isa = PBXBuildFile; fileRef = 2A40A8881BFEF82D0077E751 /* SpectItem.swift */; };
		2A4BB47B1C12C16B00C777DB /* LoadData.swift in Sources */ = {isa = PBXBuildFile; fileRef = 2A4BB47A1C12C16B00C777DB /* LoadData.swift */; };
		2A645E0C1BFF8A4700AC7042 /* DetailViewController.swift in Sources */ = {isa = PBXBuildFile; fileRef = 2A645E0B1BFF8A4700AC7042 /* DetailViewController.swift */; };
		2A71F1F31C2A814800672CB1 /* PhotoPopoverViewController.swift in Sources */ = {isa = PBXBuildFile; fileRef = 2A71F1F21C2A814800672CB1 /* PhotoPopoverViewController.swift */; };
		2A8D93F21C2088B600969245 /* ProjectSelectionViewControllerDelegate.swift in Sources */ = {isa = PBXBuildFile; fileRef = 2A8D93F11C2088B600969245 /* ProjectSelectionViewControllerDelegate.swift */; };
		2AAAC8041C1EF27600751AC1 /* Main.storyboard in Resources */ = {isa = PBXBuildFile; fileRef = 2AAAC8031C1EF27600751AC1 /* Main.storyboard */; };
		2AB85F051C39282C00A68C6C /* ImageCollectionViewCell.swift in Sources */ = {isa = PBXBuildFile; fileRef = 2AB85F041C39282C00A68C6C /* ImageCollectionViewCell.swift */; };
		2AB85F071C3A8AF700A68C6C /* RecorderViewController.swift in Sources */ = {isa = PBXBuildFile; fileRef = 2AB85F061C3A8AF700A68C6C /* RecorderViewController.swift */; };
		2AB85F0B1C3A8CC800A68C6C /* TextInputViewController.swift in Sources */ = {isa = PBXBuildFile; fileRef = 2AB85F0A1C3A8CC800A68C6C /* TextInputViewController.swift */; };
		2AB85F0E1C3BF12200A68C6C /* Assets.xcassets in Resources */ = {isa = PBXBuildFile; fileRef = 2AB85F0D1C3BF12200A68C6C /* Assets.xcassets */; };
		2AD09AB21C001179008FDFCA /* LoginViewController.swift in Sources */ = {isa = PBXBuildFile; fileRef = 2AD09AB11C001179008FDFCA /* LoginViewController.swift */; };
		2AD09AB41C005AD6008FDFCA /* ProjectSelectionViewController.swift in Sources */ = {isa = PBXBuildFile; fileRef = 2AD09AB31C005AD6008FDFCA /* ProjectSelectionViewController.swift */; };
/* End PBXBuildFile section */

/* Begin PBXFileReference section */
		1CD8E8501C187D8200187497 /* CoreData.framework */ = {isa = PBXFileReference; lastKnownFileType = wrapper.framework; name = CoreData.framework; path = System/Library/Frameworks/CoreData.framework; sourceTree = SDKROOT; };
		2A00F7EE1C181B9B00B116EF /* ItemOKImage+CoreDataProperties.swift */ = {isa = PBXFileReference; fileEncoding = 4; lastKnownFileType = sourcecode.swift; path = "ItemOKImage+CoreDataProperties.swift"; sourceTree = "<group>"; };
		2A00F7EF1C181B9B00B116EF /* ItemOKImage.swift */ = {isa = PBXFileReference; fileEncoding = 4; lastKnownFileType = sourcecode.swift; path = ItemOKImage.swift; sourceTree = "<group>"; };
		2A00F7F01C181B9B00B116EF /* ItemRecord+CoreDataProperties.swift */ = {isa = PBXFileReference; fileEncoding = 4; lastKnownFileType = sourcecode.swift; path = "ItemRecord+CoreDataProperties.swift"; sourceTree = "<group>"; };
		2A00F7F11C181B9B00B116EF /* ItemRecord.swift */ = {isa = PBXFileReference; fileEncoding = 4; lastKnownFileType = sourcecode.swift; path = ItemRecord.swift; sourceTree = "<group>"; };
		2A00F7F21C181B9B00B116EF /* Item+CoreDataProperties.swift */ = {isa = PBXFileReference; fileEncoding = 4; lastKnownFileType = sourcecode.swift; path = "Item+CoreDataProperties.swift"; sourceTree = "<group>"; };
		2A00F7F31C181B9B00B116EF /* Item.swift */ = {isa = PBXFileReference; fileEncoding = 4; lastKnownFileType = sourcecode.swift; path = Item.swift; sourceTree = "<group>"; };
		2A00F7F41C181B9B00B116EF /* Project+CoreDataProperties.swift */ = {isa = PBXFileReference; fileEncoding = 4; lastKnownFileType = sourcecode.swift; path = "Project+CoreDataProperties.swift"; sourceTree = "<group>"; };
		2A00F7F51C181B9B00B116EF /* Project.swift */ = {isa = PBXFileReference; fileEncoding = 4; lastKnownFileType = sourcecode.swift; path = Project.swift; sourceTree = "<group>"; };
		2A00F7F61C181B9B00B116EF /* ItemSpecImage+CoreDataProperties.swift */ = {isa = PBXFileReference; fileEncoding = 4; lastKnownFileType = sourcecode.swift; path = "ItemSpecImage+CoreDataProperties.swift"; sourceTree = "<group>"; };
		2A00F7F71C181B9B00B116EF /* ItemSpecImage.swift */ = {isa = PBXFileReference; fileEncoding = 4; lastKnownFileType = sourcecode.swift; path = ItemSpecImage.swift; sourceTree = "<group>"; };
		2A00F7F81C181B9B00B116EF /* ItemViewImage+CoreDataProperties.swift */ = {isa = PBXFileReference; fileEncoding = 4; lastKnownFileType = sourcecode.swift; path = "ItemViewImage+CoreDataProperties.swift"; sourceTree = "<group>"; };
		2A00F7F91C181B9B00B116EF /* ItemViewImage.swift */ = {isa = PBXFileReference; fileEncoding = 4; lastKnownFileType = sourcecode.swift; path = ItemViewImage.swift; sourceTree = "<group>"; };
		2A00F7FA1C181B9B00B116EF /* ItemNGImage+CoreDataProperties.swift */ = {isa = PBXFileReference; fileEncoding = 4; lastKnownFileType = sourcecode.swift; path = "ItemNGImage+CoreDataProperties.swift"; sourceTree = "<group>"; };
		2A00F7FB1C181B9B00B116EF /* ItemNGImage.swift */ = {isa = PBXFileReference; fileEncoding = 4; lastKnownFileType = sourcecode.swift; path = ItemNGImage.swift; sourceTree = "<group>"; };
		2A00F7FC1C181B9B00B116EF /* Category+CoreDataProperties.swift */ = {isa = PBXFileReference; fileEncoding = 4; lastKnownFileType = sourcecode.swift; path = "Category+CoreDataProperties.swift"; sourceTree = "<group>"; };
		2A00F7FD1C181B9B00B116EF /* Category.swift */ = {isa = PBXFileReference; fileEncoding = 4; lastKnownFileType = sourcecode.swift; path = Category.swift; sourceTree = "<group>"; };
		2A00F7FE1C181B9B00B116EF /* SpotCheck+CoreDataProperties.swift */ = {isa = PBXFileReference; fileEncoding = 4; lastKnownFileType = sourcecode.swift; path = "SpotCheck+CoreDataProperties.swift"; sourceTree = "<group>"; };
		2A00F7FF1C181B9B00B116EF /* SpotCheck.swift */ = {isa = PBXFileReference; fileEncoding = 4; lastKnownFileType = sourcecode.swift; path = SpotCheck.swift; sourceTree = "<group>"; };
		2A10171E1C09B28100FE6F62 /* Project2.swift */ = {isa = PBXFileReference; fileEncoding = 4; lastKnownFileType = sourcecode.swift; path = Project2.swift; sourceTree = "<group>"; };
		2A1243F61C37F8B0006DF515 /* ImageViwer.swift */ = {isa = PBXFileReference; fileEncoding = 4; lastKnownFileType = sourcecode.swift; path = ImageViwer.swift; sourceTree = "<group>"; };
		2A20DAD91BFB0207007BAB94 /* BIMSpectGithub.app */ = {isa = PBXFileReference; explicitFileType = wrapper.application; includeInIndex = 0; path = BIMSpectGithub.app; sourceTree = BUILT_PRODUCTS_DIR; };
		2A20DADC1BFB0207007BAB94 /* AppDelegate.swift */ = {isa = PBXFileReference; lastKnownFileType = sourcecode.swift; path = AppDelegate.swift; sourceTree = "<group>"; };
		2A20DAE41BFB0207007BAB94 /* BIMSpectGithub.xcdatamodel */ = {isa = PBXFileReference; lastKnownFileType = wrapper.xcdatamodel; path = BIMSpectGithub.xcdatamodel; sourceTree = "<group>"; };
		2A20DAE91BFB0207007BAB94 /* Base */ = {isa = PBXFileReference; lastKnownFileType = file.storyboard; name = Base; path = Base.lproj/LaunchScreen.storyboard; sourceTree = "<group>"; };
		2A20DAEB1BFB0207007BAB94 /* Info.plist */ = {isa = PBXFileReference; lastKnownFileType = text.plist.xml; path = Info.plist; sourceTree = "<group>"; };
		2A40A8821BFEC4B10077E751 /* MasterViewController.swift */ = {isa = PBXFileReference; fileEncoding = 4; lastKnownFileType = sourcecode.swift; path = MasterViewController.swift; sourceTree = "<group>"; };
		2A40A8881BFEF82D0077E751 /* SpectItem.swift */ = {isa = PBXFileReference; fileEncoding = 4; lastKnownFileType = sourcecode.swift; path = SpectItem.swift; sourceTree = "<group>"; };
		2A4BB47A1C12C16B00C777DB /* LoadData.swift */ = {isa = PBXFileReference; fileEncoding = 4; lastKnownFileType = sourcecode.swift; path = LoadData.swift; sourceTree = "<group>"; };
		2A645E0B1BFF8A4700AC7042 /* DetailViewController.swift */ = {isa = PBXFileReference; fileEncoding = 4; lastKnownFileType = sourcecode.swift; path = DetailViewController.swift; sourceTree = "<group>"; };
		2A71F1F21C2A814800672CB1 /* PhotoPopoverViewController.swift */ = {isa = PBXFileReference; fileEncoding = 4; lastKnownFileType = sourcecode.swift; path = PhotoPopoverViewController.swift; sourceTree = "<group>"; };
		2A8D93F11C2088B600969245 /* ProjectSelectionViewControllerDelegate.swift */ = {isa = PBXFileReference; fileEncoding = 4; lastKnownFileType = sourcecode.swift; path = ProjectSelectionViewControllerDelegate.swift; sourceTree = "<group>"; };
		2AAAC8031C1EF27600751AC1 /* Main.storyboard */ = {isa = PBXFileReference; fileEncoding = 4; lastKnownFileType = file.storyboard; path = Main.storyboard; sourceTree = "<group>"; };
		2AB85F041C39282C00A68C6C /* ImageCollectionViewCell.swift */ = {isa = PBXFileReference; fileEncoding = 4; lastKnownFileType = sourcecode.swift; path = ImageCollectionViewCell.swift; sourceTree = "<group>"; };
		2AB85F061C3A8AF700A68C6C /* RecorderViewController.swift */ = {isa = PBXFileReference; fileEncoding = 4; lastKnownFileType = sourcecode.swift; path = RecorderViewController.swift; sourceTree = "<group>"; };
		2AB85F0A1C3A8CC800A68C6C /* TextInputViewController.swift */ = {isa = PBXFileReference; fileEncoding = 4; lastKnownFileType = sourcecode.swift; path = TextInputViewController.swift; sourceTree = "<group>"; };
		2AB85F0D1C3BF12200A68C6C /* Assets.xcassets */ = {isa = PBXFileReference; lastKnownFileType = folder.assetcatalog; path = Assets.xcassets; sourceTree = "<group>"; };
		2AD09AB11C001179008FDFCA /* LoginViewController.swift */ = {isa = PBXFileReference; fileEncoding = 4; lastKnownFileType = sourcecode.swift; path = LoginViewController.swift; sourceTree = "<group>"; };
		2AD09AB31C005AD6008FDFCA /* ProjectSelectionViewController.swift */ = {isa = PBXFileReference; fileEncoding = 4; lastKnownFileType = sourcecode.swift; path = ProjectSelectionViewController.swift; sourceTree = "<group>"; };
/* End PBXFileReference section */

/* Begin PBXFrameworksBuildPhase section */
		2A20DAD61BFB0207007BAB94 /* Frameworks */ = {
			isa = PBXFrameworksBuildPhase;
			buildActionMask = 2147483647;
			files = (
				1CD8E8511C187D8200187497 /* CoreData.framework in Frameworks */,
			);
			runOnlyForDeploymentPostprocessing = 0;
		};
/* End PBXFrameworksBuildPhase section */

/* Begin PBXGroup section */
		2A20DAD01BFB0207007BAB94 = {
			isa = PBXGroup;
			children = (
				1CD8E8501C187D8200187497 /* CoreData.framework */,
				2A20DADB1BFB0207007BAB94 /* BIMSpectGithub */,
				2A20DADA1BFB0207007BAB94 /* Products */,
			);
			sourceTree = "<group>";
		};
		2A20DADA1BFB0207007BAB94 /* Products */ = {
			isa = PBXGroup;
			children = (
				2A20DAD91BFB0207007BAB94 /* BIMSpectGithub.app */,
			);
			name = Products;
			sourceTree = "<group>";
		};
		2A20DADB1BFB0207007BAB94 /* BIMSpectGithub */ = {
			isa = PBXGroup;
			children = (
				2A4BB47A1C12C16B00C777DB /* LoadData.swift */,
				2A8D93F11C2088B600969245 /* ProjectSelectionViewControllerDelegate.swift */,
				2A40A88A1BFEF8FA0077E751 /* data */,
				2AD09AB11C001179008FDFCA /* LoginViewController.swift */,
				2AD09AB31C005AD6008FDFCA /* ProjectSelectionViewController.swift */,
				2AAAC8031C1EF27600751AC1 /* Main.storyboard */,
				2A20DADC1BFB0207007BAB94 /* AppDelegate.swift */,
				2A645E0B1BFF8A4700AC7042 /* DetailViewController.swift */,
				2A40A8821BFEC4B10077E751 /* MasterViewController.swift */,
				2A71F1F61C2C3FAB00672CB1 /* PopOverController */,
				2A20DAE81BFB0207007BAB94 /* LaunchScreen.storyboard */,
				2AB85F0D1C3BF12200A68C6C /* Assets.xcassets */,
				2A20DAEB1BFB0207007BAB94 /* Info.plist */,
				2A20DAE31BFB0207007BAB94 /* BIMSpectGithub.xcdatamodeld */,
			);
			path = BIMSpectGithub;
			sourceTree = "<group>";
		};
		2A40A88A1BFEF8FA0077E751 /* data */ = {
			isa = PBXGroup;
			children = (
				2A00F7EE1C181B9B00B116EF /* ItemOKImage+CoreDataProperties.swift */,
				2A00F7EF1C181B9B00B116EF /* ItemOKImage.swift */,
				2A00F7F01C181B9B00B116EF /* ItemRecord+CoreDataProperties.swift */,
				2A00F7F11C181B9B00B116EF /* ItemRecord.swift */,
				2A00F7F21C181B9B00B116EF /* Item+CoreDataProperties.swift */,
				2A00F7F31C181B9B00B116EF /* Item.swift */,
				2A00F7F41C181B9B00B116EF /* Project+CoreDataProperties.swift */,
				2A00F7F51C181B9B00B116EF /* Project.swift */,
				2A00F7F61C181B9B00B116EF /* ItemSpecImage+CoreDataProperties.swift */,
				2A00F7F71C181B9B00B116EF /* ItemSpecImage.swift */,
				2A00F7F81C181B9B00B116EF /* ItemViewImage+CoreDataProperties.swift */,
				2A00F7F91C181B9B00B116EF /* ItemViewImage.swift */,
				2A00F7FA1C181B9B00B116EF /* ItemNGImage+CoreDataProperties.swift */,
				2A00F7FB1C181B9B00B116EF /* ItemNGImage.swift */,
				2A00F7FC1C181B9B00B116EF /* Category+CoreDataProperties.swift */,
				2A00F7FD1C181B9B00B116EF /* Category.swift */,
				2A00F7FE1C181B9B00B116EF /* SpotCheck+CoreDataProperties.swift */,
				2A00F7FF1C181B9B00B116EF /* SpotCheck.swift */,
				2A40A8881BFEF82D0077E751 /* SpectItem.swift */,
				2A10171E1C09B28100FE6F62 /* Project2.swift */,
			);
			name = data;
			sourceTree = "<group>";
		};
		2A71F1F61C2C3FAB00672CB1 /* PopOverController */ = {
			isa = PBXGroup;
			children = (
				2AB85F081C3A8B0C00A68C6C /* photo */,
				2AB85F091C3A8B1600A68C6C /* record */,
				2AB85F0C1C3A8CCC00A68C6C /* note */,
			);
			name = PopOverController;
			sourceTree = "<group>";
		};
		2AB85F081C3A8B0C00A68C6C /* photo */ = {
			isa = PBXGroup;
			children = (
				2A71F1F21C2A814800672CB1 /* PhotoPopoverViewController.swift */,
				2A1243F61C37F8B0006DF515 /* ImageViwer.swift */,
				2AB85F041C39282C00A68C6C /* ImageCollectionViewCell.swift */,
			);
			name = photo;
			sourceTree = "<group>";
		};
		2AB85F091C3A8B1600A68C6C /* record */ = {
			isa = PBXGroup;
			children = (
				2AB85F061C3A8AF700A68C6C /* RecorderViewController.swift */,
			);
			name = record;
			sourceTree = "<group>";
		};
		2AB85F0C1C3A8CCC00A68C6C /* note */ = {
			isa = PBXGroup;
			children = (
				2AB85F0A1C3A8CC800A68C6C /* TextInputViewController.swift */,
			);
			name = note;
			sourceTree = "<group>";
		};
/* End PBXGroup section */

/* Begin PBXNativeTarget section */
		2A20DAD81BFB0207007BAB94 /* BIMSpectGithub */ = {
			isa = PBXNativeTarget;
			buildConfigurationList = 2A20DAEE1BFB0207007BAB94 /* Build configuration list for PBXNativeTarget "BIMSpectGithub" */;
			buildPhases = (
				2A20DAD51BFB0207007BAB94 /* Sources */,
				2A20DAD61BFB0207007BAB94 /* Frameworks */,
				2A20DAD71BFB0207007BAB94 /* Resources */,
			);
			buildRules = (
			);
			dependencies = (
			);
			name = BIMSpectGithub;
			productName = BIMSpectGithub;
			productReference = 2A20DAD91BFB0207007BAB94 /* BIMSpectGithub.app */;
			productType = "com.apple.product-type.application";
		};
/* End PBXNativeTarget section */

/* Begin PBXProject section */
		2A20DAD11BFB0207007BAB94 /* Project object */ = {
			isa = PBXProject;
			attributes = {
				LastUpgradeCheck = 0700;
				ORGANIZATIONNAME = kai;
				TargetAttributes = {
					2A20DAD81BFB0207007BAB94 = {
						CreatedOnToolsVersion = 7.0.1;
						DevelopmentTeam = BY98PBA368;
					};
				};
			};
			buildConfigurationList = 2A20DAD41BFB0207007BAB94 /* Build configuration list for PBXProject "BIMSpectGithub" */;
			compatibilityVersion = "Xcode 3.2";
			developmentRegion = English;
			hasScannedForEncodings = 0;
			knownRegions = (
				en,
				Base,
			);
			mainGroup = 2A20DAD01BFB0207007BAB94;
			productRefGroup = 2A20DADA1BFB0207007BAB94 /* Products */;
			projectDirPath = "";
			projectRoot = "";
			targets = (
				2A20DAD81BFB0207007BAB94 /* BIMSpectGithub */,
			);
		};
/* End PBXProject section */

/* Begin PBXResourcesBuildPhase section */
		2A20DAD71BFB0207007BAB94 /* Resources */ = {
			isa = PBXResourcesBuildPhase;
			buildActionMask = 2147483647;
			files = (
				2AAAC8041C1EF27600751AC1 /* Main.storyboard in Resources */,
				2AB85F0E1C3BF12200A68C6C /* Assets.xcassets in Resources */,
				2A20DAEA1BFB0207007BAB94 /* LaunchScreen.storyboard in Resources */,
			);
			runOnlyForDeploymentPostprocessing = 0;
		};
/* End PBXResourcesBuildPhase section */

/* Begin PBXSourcesBuildPhase section */
		2A20DAD51BFB0207007BAB94 /* Sources */ = {
			isa = PBXSourcesBuildPhase;
			buildActionMask = 2147483647;
			files = (
				2A00F80C1C181B9B00B116EF /* ItemNGImage+CoreDataProperties.swift in Sources */,
				2AD09AB41C005AD6008FDFCA /* ProjectSelectionViewController.swift in Sources */,
				2A00F8081C181B9B00B116EF /* ItemSpecImage+CoreDataProperties.swift in Sources */,
				2A00F8031C181B9B00B116EF /* ItemRecord.swift in Sources */,
				2A00F8021C181B9B00B116EF /* ItemRecord+CoreDataProperties.swift in Sources */,
				2AD09AB21C001179008FDFCA /* LoginViewController.swift in Sources */,
				2A00F8051C181B9B00B116EF /* Item.swift in Sources */,
				2A40A8831BFEC4B10077E751 /* MasterViewController.swift in Sources */,
				2A20DADD1BFB0207007BAB94 /* AppDelegate.swift in Sources */,
				2A00F80F1C181B9B00B116EF /* Category.swift in Sources */,
				2A00F8011C181B9B00B116EF /* ItemOKImage.swift in Sources */,
				2A20DAE51BFB0207007BAB94 /* BIMSpectGithub.xcdatamodeld in Sources */,
				2A00F80A1C181B9B00B116EF /* ItemViewImage+CoreDataProperties.swift in Sources */,
				2AB85F0B1C3A8CC800A68C6C /* TextInputViewController.swift in Sources */,
				2A00F8101C181B9B00B116EF /* SpotCheck+CoreDataProperties.swift in Sources */,
				2A8D93F21C2088B600969245 /* ProjectSelectionViewControllerDelegate.swift in Sources */,
				2AB85F071C3A8AF700A68C6C /* RecorderViewController.swift in Sources */,
				2A00F8041C181B9B00B116EF /* Item+CoreDataProperties.swift in Sources */,
				2A00F8001C181B9B00B116EF /* ItemOKImage+CoreDataProperties.swift in Sources */,
				2A00F8061C181B9B00B116EF /* Project+CoreDataProperties.swift in Sources */,
				2A00F80B1C181B9B00B116EF /* ItemViewImage.swift in Sources */,
				2A00F80E1C181B9B00B116EF /* Category+CoreDataProperties.swift in Sources */,
				2A10171F1C09B28100FE6F62 /* Project2.swift in Sources */,
				2A71F1F31C2A814800672CB1 /* PhotoPopoverViewController.swift in Sources */,
				2A4BB47B1C12C16B00C777DB /* LoadData.swift in Sources */,
				2A00F80D1C181B9B00B116EF /* ItemNGImage.swift in Sources */,
				2A40A8891BFEF82D0077E751 /* SpectItem.swift in Sources */,
				2AB85F051C39282C00A68C6C /* ImageCollectionViewCell.swift in Sources */,
				2A1243F71C37F8B0006DF515 /* ImageViwer.swift in Sources */,
				2A645E0C1BFF8A4700AC7042 /* DetailViewController.swift in Sources */,
				2A00F8071C181B9B00B116EF /* Project.swift in Sources */,
				2A00F8111C181B9B00B116EF /* SpotCheck.swift in Sources */,
				2A00F8091C181B9B00B116EF /* ItemSpecImage.swift in Sources */,
			);
			runOnlyForDeploymentPostprocessing = 0;
		};
/* End PBXSourcesBuildPhase section */

/* Begin PBXVariantGroup section */
		2A20DAE81BFB0207007BAB94 /* LaunchScreen.storyboard */ = {
			isa = PBXVariantGroup;
			children = (
				2A20DAE91BFB0207007BAB94 /* Base */,
			);
			name = LaunchScreen.storyboard;
			sourceTree = "<group>";
		};
/* End PBXVariantGroup section */

/* Begin XCBuildConfiguration section */
		2A20DAEC1BFB0207007BAB94 /* Debug */ = {
			isa = XCBuildConfiguration;
			buildSettings = {
				ALWAYS_SEARCH_USER_PATHS = NO;
				CLANG_CXX_LANGUAGE_STANDARD = "gnu++0x";
				CLANG_CXX_LIBRARY = "libc++";
				CLANG_ENABLE_MODULES = YES;
				CLANG_ENABLE_OBJC_ARC = YES;
				CLANG_WARN_BOOL_CONVERSION = YES;
				CLANG_WARN_CONSTANT_CONVERSION = YES;
				CLANG_WARN_DIRECT_OBJC_ISA_USAGE = YES_ERROR;
				CLANG_WARN_EMPTY_BODY = YES;
				CLANG_WARN_ENUM_CONVERSION = YES;
				CLANG_WARN_INT_CONVERSION = YES;
				CLANG_WARN_OBJC_ROOT_CLASS = YES_ERROR;
				CLANG_WARN_UNREACHABLE_CODE = YES;
				CLANG_WARN__DUPLICATE_METHOD_MATCH = YES;
				"CODE_SIGN_IDENTITY[sdk=iphoneos*]" = "iPhone Developer";
				COPY_PHASE_STRIP = NO;
				DEBUG_INFORMATION_FORMAT = dwarf;
				ENABLE_STRICT_OBJC_MSGSEND = YES;
				ENABLE_TESTABILITY = YES;
				GCC_C_LANGUAGE_STANDARD = gnu99;
				GCC_DYNAMIC_NO_PIC = NO;
				GCC_NO_COMMON_BLOCKS = YES;
				GCC_OPTIMIZATION_LEVEL = 0;
				GCC_PREPROCESSOR_DEFINITIONS = (
					"DEBUG=1",
					"$(inherited)",
				);
				GCC_WARN_64_TO_32_BIT_CONVERSION = YES;
				GCC_WARN_ABOUT_RETURN_TYPE = YES_ERROR;
				GCC_WARN_UNDECLARED_SELECTOR = YES;
				GCC_WARN_UNINITIALIZED_AUTOS = YES_AGGRESSIVE;
				GCC_WARN_UNUSED_FUNCTION = YES;
				GCC_WARN_UNUSED_VARIABLE = YES;
				IPHONEOS_DEPLOYMENT_TARGET = 9.0;
				MTL_ENABLE_DEBUG_INFO = YES;
				ONLY_ACTIVE_ARCH = YES;
				SDKROOT = iphoneos;
				SWIFT_OPTIMIZATION_LEVEL = "-Onone";
				TARGETED_DEVICE_FAMILY = 2;
			};
			name = Debug;
		};
		2A20DAED1BFB0207007BAB94 /* Release */ = {
			isa = XCBuildConfiguration;
			buildSettings = {
				ALWAYS_SEARCH_USER_PATHS = NO;
				CLANG_CXX_LANGUAGE_STANDARD = "gnu++0x";
				CLANG_CXX_LIBRARY = "libc++";
				CLANG_ENABLE_MODULES = YES;
				CLANG_ENABLE_OBJC_ARC = YES;
				CLANG_WARN_BOOL_CONVERSION = YES;
				CLANG_WARN_CONSTANT_CONVERSION = YES;
				CLANG_WARN_DIRECT_OBJC_ISA_USAGE = YES_ERROR;
				CLANG_WARN_EMPTY_BODY = YES;
				CLANG_WARN_ENUM_CONVERSION = YES;
				CLANG_WARN_INT_CONVERSION = YES;
				CLANG_WARN_OBJC_ROOT_CLASS = YES_ERROR;
				CLANG_WARN_UNREACHABLE_CODE = YES;
				CLANG_WARN__DUPLICATE_METHOD_MATCH = YES;
				"CODE_SIGN_IDENTITY[sdk=iphoneos*]" = "iPhone Developer";
				COPY_PHASE_STRIP = NO;
				DEBUG_INFORMATION_FORMAT = "dwarf-with-dsym";
				ENABLE_NS_ASSERTIONS = NO;
				ENABLE_STRICT_OBJC_MSGSEND = YES;
				GCC_C_LANGUAGE_STANDARD = gnu99;
				GCC_NO_COMMON_BLOCKS = YES;
				GCC_WARN_64_TO_32_BIT_CONVERSION = YES;
				GCC_WARN_ABOUT_RETURN_TYPE = YES_ERROR;
				GCC_WARN_UNDECLARED_SELECTOR = YES;
				GCC_WARN_UNINITIALIZED_AUTOS = YES_AGGRESSIVE;
				GCC_WARN_UNUSED_FUNCTION = YES;
				GCC_WARN_UNUSED_VARIABLE = YES;
				IPHONEOS_DEPLOYMENT_TARGET = 9.0;
				MTL_ENABLE_DEBUG_INFO = NO;
				SDKROOT = iphoneos;
				TARGETED_DEVICE_FAMILY = 2;
				VALIDATE_PRODUCT = YES;
			};
			name = Release;
		};
		2A20DAEF1BFB0207007BAB94 /* Debug */ = {
			isa = XCBuildConfiguration;
			buildSettings = {
				ASSETCATALOG_COMPILER_APPICON_NAME = AppIcon;
				CODE_SIGN_IDENTITY = "iPhone Developer";
				INFOPLIST_FILE = BIMSpectGithub/Info.plist;
				IPHONEOS_DEPLOYMENT_TARGET = 9.0;
				LD_RUNPATH_SEARCH_PATHS = "$(inherited) @executable_path/Frameworks";
				PRODUCT_BUNDLE_IDENTIFIER = KaiHsiang.BIMSpectGithub;
				PRODUCT_NAME = "$(TARGET_NAME)";
				TARGETED_DEVICE_FAMILY = "1,2";
			};
			name = Debug;
		};
		2A20DAF01BFB0207007BAB94 /* Release */ = {
			isa = XCBuildConfiguration;
			buildSettings = {
				ASSETCATALOG_COMPILER_APPICON_NAME = AppIcon;
				CODE_SIGN_IDENTITY = "iPhone Developer";
				INFOPLIST_FILE = BIMSpectGithub/Info.plist;
				IPHONEOS_DEPLOYMENT_TARGET = 9.0;
				LD_RUNPATH_SEARCH_PATHS = "$(inherited) @executable_path/Frameworks";
				PRODUCT_BUNDLE_IDENTIFIER = KaiHsiang.BIMSpectGithub;
				PRODUCT_NAME = "$(TARGET_NAME)";
				TARGETED_DEVICE_FAMILY = "1,2";
			};
			name = Release;
		};
/* End XCBuildConfiguration section */

/* Begin XCConfigurationList section */
		2A20DAD41BFB0207007BAB94 /* Build configuration list for PBXProject "BIMSpectGithub" */ = {
			isa = XCConfigurationList;
			buildConfigurations = (
				2A20DAEC1BFB0207007BAB94 /* Debug */,
				2A20DAED1BFB0207007BAB94 /* Release */,
			);
			defaultConfigurationIsVisible = 0;
			defaultConfigurationName = Release;
		};
		2A20DAEE1BFB0207007BAB94 /* Build configuration list for PBXNativeTarget "BIMSpectGithub" */ = {
			isa = XCConfigurationList;
			buildConfigurations = (
				2A20DAEF1BFB0207007BAB94 /* Debug */,
				2A20DAF01BFB0207007BAB94 /* Release */,
			);
			defaultConfigurationIsVisible = 0;
			defaultConfigurationName = Release;
		};
/* End XCConfigurationList section */

/* Begin XCVersionGroup section */
		2A20DAE31BFB0207007BAB94 /* BIMSpectGithub.xcdatamodeld */ = {
			isa = XCVersionGroup;
			children = (
				2A20DAE41BFB0207007BAB94 /* BIMSpectGithub.xcdatamodel */,
			);
			currentVersion = 2A20DAE41BFB0207007BAB94 /* BIMSpectGithub.xcdatamodel */;
			path = BIMSpectGithub.xcdatamodeld;
			sourceTree = "<group>";
			versionGroupType = wrapper.xcdatamodel;
		};
/* End XCVersionGroup section */
	};
	rootObject = 2A20DAD11BFB0207007BAB94 /* Project object */;
}
